
Microsoft Visual Studio Solution File, Format Version 12.00
Project("{FAE04EC0-301F-11D3-BF4B-00C04F79EFBC}") = "Logic", "Logic\Logic.csproj", "{E6BC1C59-A7E4-4DFB-862E-F13300CDDB4E}"
EndProject
Project("{FAE04EC0-301F-11D3-BF4B-00C04F79EFBC}") = "AvaloniaUI", "AvaloniaUI\AvaloniaUI.csproj", "{70D22E8F-1A4D-4EF5-8257-6FFB6FEC8546}"
EndProject
Project("{FAE04EC0-301F-11D3-BF4B-00C04F79EFBC}") = "UnitTests", "UnitTests\UnitTests.csproj", "{3F03EF1F-6FC1-48E3-8F7F-1A123ED0F88E}"
EndProject
Global
	GlobalSection(SolutionConfigurationPlatforms) = preSolution
		Debug|Any CPU = Debug|Any CPU
		Release|Any CPU = Release|Any CPU
	EndGlobalSection
	GlobalSection(ProjectConfigurationPlatforms) = postSolution
		{E6BC1C59-A7E4-4DFB-862E-F13300CDDB4E}.Debug|Any CPU.ActiveCfg = Debug|Any CPU
		{E6BC1C59-A7E4-4DFB-862E-F13300CDDB4E}.Debug|Any CPU.Build.0 = Debug|Any CPU
		{E6BC1C59-A7E4-4DFB-862E-F13300CDDB4E}.Release|Any CPU.ActiveCfg = Release|Any CPU
		{E6BC1C59-A7E4-4DFB-862E-F13300CDDB4E}.Release|Any CPU.Build.0 = Release|Any CPU
		{70D22E8F-1A4D-4EF5-8257-6FFB6FEC8546}.Debug|Any CPU.ActiveCfg = Debug|Any CPU
		{70D22E8F-1A4D-4EF5-8257-6FFB6FEC8546}.Debug|Any CPU.Build.0 = Debug|Any CPU
		{70D22E8F-1A4D-4EF5-8257-6FFB6FEC8546}.Release|Any CPU.ActiveCfg = Release|Any CPU
		{70D22E8F-1A4D-4EF5-8257-6FFB6FEC8546}.Release|Any CPU.Build.0 = Release|Any CPU
		{3F03EF1F-6FC1-48E3-8F7F-1A123ED0F88E}.Debug|Any CPU.ActiveCfg = Debug|Any CPU
		{3F03EF1F-6FC1-48E3-8F7F-1A123ED0F88E}.Debug|Any CPU.Build.0 = Debug|Any CPU
		{3F03EF1F-6FC1-48E3-8F7F-1A123ED0F88E}.Release|Any CPU.ActiveCfg = Release|Any CPU
		{3F03EF1F-6FC1-48E3-8F7F-1A123ED0F88E}.Release|Any CPU.Build.0 = Release|Any CPU
	EndGlobalSection
EndGlobal
